
Microsoft Visual Studio Solution File, Format Version 12.00
# Visual Studio 15
VisualStudioVersion = 15.0.27703.2042
MinimumVisualStudioVersion = 10.0.40219.1
Project("{FAE04EC0-301F-11D3-BF4B-00C04F79EFBC}") = "Socket_Server", "Socket_Server\Socket_Server.csproj", "{804A7761-3C78-4D70-874E-50D2A5D3A682}"
EndProject
Project("{FAE04EC0-301F-11D3-BF4B-00C04F79EFBC}") = "Commons", "Commons\Commons.csproj", "{F60EDB23-65BC-48D2-87F6-F467D42E59CC}"
EndProject
Project("{FAE04EC0-301F-11D3-BF4B-00C04F79EFBC}") = "Udp_Agreement", "Udp_Agreement\Udp_Agreement.csproj", "{C79754EF-6F35-4489-96AD-7731F266D3EC}"
EndProject
Project("{FAE04EC0-301F-11D3-BF4B-00C04F79EFBC}") = "WinUdpClient", "WinUdpClient\WinUdpClient.csproj", "{A3133A1A-FB09-44EB-BABD-2E56CC82B9BB}"
EndProject
Project("{FAE04EC0-301F-11D3-BF4B-00C04F79EFBC}") = "WinUdpServer", "WinUdpServer\WinUdpServer.csproj", "{F486AF93-C936-4B59-A61A-792439825CD6}"
EndProject
Project("{FAE04EC0-301F-11D3-BF4B-00C04F79EFBC}") = "Load_Tap_Changer_Test", "Load_Tap_Changer_Test\Load_Tap_Changer_Test.csproj", "{F703D6E6-4927-4823-8011-9C080DEBBF51}"
EndProject
Project("{FAE04EC0-301F-11D3-BF4B-00C04F79EFBC}") = "Basic_Controls", "Basic_Controls\Basic_Controls.csproj", "{D4C19EF7-754E-42BF-BD2C-EFF37CF454EA}"
EndProject
Global
	GlobalSection(SolutionConfigurationPlatforms) = preSolution
		Debug|Any CPU = Debug|Any CPU
		Release|Any CPU = Release|Any CPU
	EndGlobalSection
	GlobalSection(ProjectConfigurationPlatforms) = postSolution
		{804A7761-3C78-4D70-874E-50D2A5D3A682}.Debug|Any CPU.ActiveCfg = Debug|Any CPU
		{804A7761-3C78-4D70-874E-50D2A5D3A682}.Debug|Any CPU.Build.0 = Debug|Any CPU
		{804A7761-3C78-4D70-874E-50D2A5D3A682}.Release|Any CPU.ActiveCfg = Release|Any CPU
		{804A7761-3C78-4D70-874E-50D2A5D3A682}.Release|Any CPU.Build.0 = Release|Any CPU
		{F60EDB23-65BC-48D2-87F6-F467D42E59CC}.Debug|Any CPU.ActiveCfg = Debug|Any CPU
		{F60EDB23-65BC-48D2-87F6-F467D42E59CC}.Debug|Any CPU.Build.0 = Debug|Any CPU
		{F60EDB23-65BC-48D2-87F6-F467D42E59CC}.Release|Any CPU.ActiveCfg = Release|Any CPU
		{F60EDB23-65BC-48D2-87F6-F467D42E59CC}.Release|Any CPU.Build.0 = Release|Any CPU
		{C79754EF-6F35-4489-96AD-7731F266D3EC}.Debug|Any CPU.ActiveCfg = Debug|Any CPU
		{C79754EF-6F35-4489-96AD-7731F266D3EC}.Debug|Any CPU.Build.0 = Debug|Any CPU
		{C79754EF-6F35-4489-96AD-7731F266D3EC}.Release|Any CPU.ActiveCfg = Release|Any CPU
		{C79754EF-6F35-4489-96AD-7731F266D3EC}.Release|Any CPU.Build.0 = Release|Any CPU
		{A3133A1A-FB09-44EB-BABD-2E56CC82B9BB}.Debug|Any CPU.ActiveCfg = Debug|Any CPU
		{A3133A1A-FB09-44EB-BABD-2E56CC82B9BB}.Debug|Any CPU.Build.0 = Debug|Any CPU
		{A3133A1A-FB09-44EB-BABD-2E56CC82B9BB}.Release|Any CPU.ActiveCfg = Release|Any CPU
		{A3133A1A-FB09-44EB-BABD-2E56CC82B9BB}.Release|Any CPU.Build.0 = Release|Any CPU
		{F486AF93-C936-4B59-A61A-792439825CD6}.Debug|Any CPU.ActiveCfg = Debug|Any CPU
		{F486AF93-C936-4B59-A61A-792439825CD6}.Debug|Any CPU.Build.0 = Debug|Any CPU
		{F486AF93-C936-4B59-A61A-792439825CD6}.Release|Any CPU.ActiveCfg = Release|Any CPU
		{F486AF93-C936-4B59-A61A-792439825CD6}.Release|Any CPU.Build.0 = Release|Any CPU
		{F703D6E6-4927-4823-8011-9C080DEBBF51}.Debug|Any CPU.ActiveCfg = Debug|Any CPU
		{F703D6E6-4927-4823-8011-9C080DEBBF51}.Debug|Any CPU.Build.0 = Debug|Any CPU
		{F703D6E6-4927-4823-8011-9C080DEBBF51}.Release|Any CPU.ActiveCfg = Release|Any CPU
		{F703D6E6-4927-4823-8011-9C080DEBBF51}.Release|Any CPU.Build.0 = Release|Any CPU
		{D4C19EF7-754E-42BF-BD2C-EFF37CF454EA}.Debug|Any CPU.ActiveCfg = Debug|Any CPU
		{D4C19EF7-754E-42BF-BD2C-EFF37CF454EA}.Debug|Any CPU.Build.0 = Debug|Any CPU
		{D4C19EF7-754E-42BF-BD2C-EFF37CF454EA}.Release|Any CPU.ActiveCfg = Release|Any CPU
		{D4C19EF7-754E-42BF-BD2C-EFF37CF454EA}.Release|Any CPU.Build.0 = Release|Any CPU
	EndGlobalSection
	GlobalSection(SolutionProperties) = preSolution
		HideSolutionNode = FALSE
	EndGlobalSection
	GlobalSection(ExtensibilityGlobals) = postSolution
		SolutionGuid = {C298899D-A607-4D6E-9A98-0C3985F145DB}
	EndGlobalSection
EndGlobal
